
Microsoft Visual Studio Solution File, Format Version 12.00
# Visual Studio 2013
VisualStudioVersion = 12.0.21005.1
MinimumVisualStudioVersion = 10.0.40219.1
Project("{FAE04EC0-301F-11D3-BF4B-00C04F79EFBC}") = "SampleService", "SampleService\SampleService.csproj", "{6BBDD8AD-B743-4A64-8B93-8280DCB81B05}"
EndProject
Project("{FAE04EC0-301F-11D3-BF4B-00C04F79EFBC}") = "Host", "Host\Host.csproj", "{6A2E6A8D-90A2-4BF5-AC8B-3987C32343B4}"
EndProject
Global
	GlobalSection(SolutionConfigurationPlatforms) = preSolution
		Debug|Any CPU = Debug|Any CPU
		Release|Any CPU = Release|Any CPU
	EndGlobalSection
	GlobalSection(ProjectConfigurationPlatforms) = postSolution
		{6BBDD8AD-B743-4A64-8B93-8280DCB81B05}.Debug|Any CPU.ActiveCfg = Debug|Any CPU
		{6BBDD8AD-B743-4A64-8B93-8280DCB81B05}.Debug|Any CPU.Build.0 = Debug|Any CPU
		{6BBDD8AD-B743-4A64-8B93-8280DCB81B05}.Release|Any CPU.ActiveCfg = Release|Any CPU
		{6BBDD8AD-B743-4A64-8B93-8280DCB81B05}.Release|Any CPU.Build.0 = Release|Any CPU
		{6A2E6A8D-90A2-4BF5-AC8B-3987C32343B4}.Debug|Any CPU.ActiveCfg = Debug|Any CPU
		{6A2E6A8D-90A2-4BF5-AC8B-3987C32343B4}.Debug|Any CPU.Build.0 = Debug|Any CPU
		{6A2E6A8D-90A2-4BF5-AC8B-3987C32343B4}.Release|Any CPU.ActiveCfg = Release|Any CPU
		{6A2E6A8D-90A2-4BF5-AC8B-3987C32343B4}.Release|Any CPU.Build.0 = Release|Any CPU
	EndGlobalSection
	GlobalSection(SolutionProperties) = preSolution
		HideSolutionNode = FALSE
	EndGlobalSection
EndGlobal
