
Microsoft Visual Studio Solution File, Format Version 12.00
# Visual Studio 2012
Project("{FAE04EC0-301F-11D3-BF4B-00C04F79EFBC}") = "HelloService", "HelloService\HelloService.csproj", "{0FD2BEED-5E1D-46DF-8E0F-2DD456A3021A}"
EndProject
Project("{FAE04EC0-301F-11D3-BF4B-00C04F79EFBC}") = "Host", "Host\Host.csproj", "{601FAF40-0170-477E-ABD7-AD765D0F1E5B}"
EndProject
Global
	GlobalSection(SolutionConfigurationPlatforms) = preSolution
		Debug|Any CPU = Debug|Any CPU
		Release|Any CPU = Release|Any CPU
	EndGlobalSection
	GlobalSection(ProjectConfigurationPlatforms) = postSolution
		{0FD2BEED-5E1D-46DF-8E0F-2DD456A3021A}.Debug|Any CPU.ActiveCfg = Debug|Any CPU
		{0FD2BEED-5E1D-46DF-8E0F-2DD456A3021A}.Debug|Any CPU.Build.0 = Debug|Any CPU
		{0FD2BEED-5E1D-46DF-8E0F-2DD456A3021A}.Release|Any CPU.ActiveCfg = Release|Any CPU
		{0FD2BEED-5E1D-46DF-8E0F-2DD456A3021A}.Release|Any CPU.Build.0 = Release|Any CPU
		{601FAF40-0170-477E-ABD7-AD765D0F1E5B}.Debug|Any CPU.ActiveCfg = Debug|Any CPU
		{601FAF40-0170-477E-ABD7-AD765D0F1E5B}.Debug|Any CPU.Build.0 = Debug|Any CPU
		{601FAF40-0170-477E-ABD7-AD765D0F1E5B}.Release|Any CPU.ActiveCfg = Release|Any CPU
		{601FAF40-0170-477E-ABD7-AD765D0F1E5B}.Release|Any CPU.Build.0 = Release|Any CPU
	EndGlobalSection
	GlobalSection(SolutionProperties) = preSolution
		HideSolutionNode = FALSE
	EndGlobalSection
EndGlobal
