
Microsoft Visual Studio Solution File, Format Version 12.00
# Visual Studio 2012
Project("{FAE04EC0-301F-11D3-BF4B-00C04F79EFBC}") = "SimpleService", "SimpleService\SimpleService.csproj", "{860DE10A-7025-4B40-AC15-88B6B26E9282}"
EndProject
Project("{FAE04EC0-301F-11D3-BF4B-00C04F79EFBC}") = "Host", "Host\Host.csproj", "{3C3BAB68-87C7-457F-934F-56B1596D7425}"
EndProject
Global
	GlobalSection(SolutionConfigurationPlatforms) = preSolution
		Debug|Any CPU = Debug|Any CPU
		Release|Any CPU = Release|Any CPU
	EndGlobalSection
	GlobalSection(ProjectConfigurationPlatforms) = postSolution
		{860DE10A-7025-4B40-AC15-88B6B26E9282}.Debug|Any CPU.ActiveCfg = Debug|Any CPU
		{860DE10A-7025-4B40-AC15-88B6B26E9282}.Debug|Any CPU.Build.0 = Debug|Any CPU
		{860DE10A-7025-4B40-AC15-88B6B26E9282}.Release|Any CPU.ActiveCfg = Release|Any CPU
		{860DE10A-7025-4B40-AC15-88B6B26E9282}.Release|Any CPU.Build.0 = Release|Any CPU
		{3C3BAB68-87C7-457F-934F-56B1596D7425}.Debug|Any CPU.ActiveCfg = Debug|Any CPU
		{3C3BAB68-87C7-457F-934F-56B1596D7425}.Debug|Any CPU.Build.0 = Debug|Any CPU
		{3C3BAB68-87C7-457F-934F-56B1596D7425}.Release|Any CPU.ActiveCfg = Release|Any CPU
		{3C3BAB68-87C7-457F-934F-56B1596D7425}.Release|Any CPU.Build.0 = Release|Any CPU
	EndGlobalSection
	GlobalSection(SolutionProperties) = preSolution
		HideSolutionNode = FALSE
	EndGlobalSection
EndGlobal
