
Microsoft Visual Studio Solution File, Format Version 12.00
# Visual Studio 2012
Project("{FAE04EC0-301F-11D3-BF4B-00C04F79EFBC}") = "DownloadService", "DownloadService\DownloadService.csproj", "{D20FF5BC-2B78-480D-AA5B-BBF48F9A56BB}"
EndProject
Project("{FAE04EC0-301F-11D3-BF4B-00C04F79EFBC}") = "DownloadHost", "DownloadHost\DownloadHost.csproj", "{F4D3761E-BA37-4F61-A220-07CC148D63D7}"
EndProject
Global
	GlobalSection(SolutionConfigurationPlatforms) = preSolution
		Debug|Any CPU = Debug|Any CPU
		Release|Any CPU = Release|Any CPU
	EndGlobalSection
	GlobalSection(ProjectConfigurationPlatforms) = postSolution
		{D20FF5BC-2B78-480D-AA5B-BBF48F9A56BB}.Debug|Any CPU.ActiveCfg = Debug|Any CPU
		{D20FF5BC-2B78-480D-AA5B-BBF48F9A56BB}.Debug|Any CPU.Build.0 = Debug|Any CPU
		{D20FF5BC-2B78-480D-AA5B-BBF48F9A56BB}.Release|Any CPU.ActiveCfg = Release|Any CPU
		{D20FF5BC-2B78-480D-AA5B-BBF48F9A56BB}.Release|Any CPU.Build.0 = Release|Any CPU
		{F4D3761E-BA37-4F61-A220-07CC148D63D7}.Debug|Any CPU.ActiveCfg = Debug|Any CPU
		{F4D3761E-BA37-4F61-A220-07CC148D63D7}.Debug|Any CPU.Build.0 = Debug|Any CPU
		{F4D3761E-BA37-4F61-A220-07CC148D63D7}.Release|Any CPU.ActiveCfg = Release|Any CPU
		{F4D3761E-BA37-4F61-A220-07CC148D63D7}.Release|Any CPU.Build.0 = Release|Any CPU
	EndGlobalSection
	GlobalSection(SolutionProperties) = preSolution
		HideSolutionNode = FALSE
	EndGlobalSection
EndGlobal
