
Microsoft Visual Studio Solution File, Format Version 12.00
# Visual Studio 2012
Project("{FAE04EC0-301F-11D3-BF4B-00C04F79EFBC}") = "ReportService", "ReportService\ReportService.csproj", "{7BA489DD-456D-4D5D-A4F4-D3F5AA975DE2}"
EndProject
Project("{FAE04EC0-301F-11D3-BF4B-00C04F79EFBC}") = "Host", "Host\Host.csproj", "{02D3C809-52E7-4234-8253-EC1C051488FA}"
EndProject
Global
	GlobalSection(SolutionConfigurationPlatforms) = preSolution
		Debug|Any CPU = Debug|Any CPU
		Release|Any CPU = Release|Any CPU
	EndGlobalSection
	GlobalSection(ProjectConfigurationPlatforms) = postSolution
		{7BA489DD-456D-4D5D-A4F4-D3F5AA975DE2}.Debug|Any CPU.ActiveCfg = Debug|Any CPU
		{7BA489DD-456D-4D5D-A4F4-D3F5AA975DE2}.Debug|Any CPU.Build.0 = Debug|Any CPU
		{7BA489DD-456D-4D5D-A4F4-D3F5AA975DE2}.Release|Any CPU.ActiveCfg = Release|Any CPU
		{7BA489DD-456D-4D5D-A4F4-D3F5AA975DE2}.Release|Any CPU.Build.0 = Release|Any CPU
		{02D3C809-52E7-4234-8253-EC1C051488FA}.Debug|Any CPU.ActiveCfg = Debug|Any CPU
		{02D3C809-52E7-4234-8253-EC1C051488FA}.Debug|Any CPU.Build.0 = Debug|Any CPU
		{02D3C809-52E7-4234-8253-EC1C051488FA}.Release|Any CPU.ActiveCfg = Release|Any CPU
		{02D3C809-52E7-4234-8253-EC1C051488FA}.Release|Any CPU.Build.0 = Release|Any CPU
	EndGlobalSection
	GlobalSection(SolutionProperties) = preSolution
		HideSolutionNode = FALSE
	EndGlobalSection
EndGlobal
