
Microsoft Visual Studio Solution File, Format Version 12.00
# Visual Studio 2012
Project("{FAE04EC0-301F-11D3-BF4B-00C04F79EFBC}") = "WpfClientReportService", "WpfClientReportService\WpfClientReportService.csproj", "{03ACED49-C49E-4497-A10A-6851BB0751C1}"
EndProject
Project("{FAE04EC0-301F-11D3-BF4B-00C04F79EFBC}") = "WindowsClientReportService", "WindowsClientReportService\WindowsClientReportService.csproj", "{5E089056-B327-4885-8100-C567E57FA7FB}"
EndProject
Global
	GlobalSection(SolutionConfigurationPlatforms) = preSolution
		Debug|Any CPU = Debug|Any CPU
		Release|Any CPU = Release|Any CPU
	EndGlobalSection
	GlobalSection(ProjectConfigurationPlatforms) = postSolution
		{03ACED49-C49E-4497-A10A-6851BB0751C1}.Debug|Any CPU.ActiveCfg = Debug|Any CPU
		{03ACED49-C49E-4497-A10A-6851BB0751C1}.Debug|Any CPU.Build.0 = Debug|Any CPU
		{03ACED49-C49E-4497-A10A-6851BB0751C1}.Release|Any CPU.ActiveCfg = Release|Any CPU
		{03ACED49-C49E-4497-A10A-6851BB0751C1}.Release|Any CPU.Build.0 = Release|Any CPU
		{5E089056-B327-4885-8100-C567E57FA7FB}.Debug|Any CPU.ActiveCfg = Debug|Any CPU
		{5E089056-B327-4885-8100-C567E57FA7FB}.Debug|Any CPU.Build.0 = Debug|Any CPU
		{5E089056-B327-4885-8100-C567E57FA7FB}.Release|Any CPU.ActiveCfg = Release|Any CPU
		{5E089056-B327-4885-8100-C567E57FA7FB}.Release|Any CPU.Build.0 = Release|Any CPU
	EndGlobalSection
	GlobalSection(SolutionProperties) = preSolution
		HideSolutionNode = FALSE
	EndGlobalSection
EndGlobal
